Microsoft Visual Studio Solution File, Format Version 11.00
# Visual Studio 2008

Project("{8121DD7D-0929-083B-F437-1426DF9688D0}") = "Spaced", "Assembly-CSharp-firstpass.csproj", "{B2590792-620E-1295-D09F-1059B00CCACB}"
EndProject
Project("{8121DD7D-0929-083B-F437-1426DF9688D0}") = "Spaced", "Assembly-CSharp.csproj", "{7508EA77-EE93-FFD9-A959-1D7E2A4FBF57}"
EndProject
Project("{8121DD7D-0929-083B-F437-1426DF9688D0}") = "Spaced", "Assembly-CSharp-Editor.csproj", "{E586D11E-65B4-C1D6-A7BA-DD49382038D9}"
EndProject
Global
	GlobalSection(SolutionConfigurationPlatforms) = preSolution
		Debug|Any CPU = Debug|Any CPU
		Release|Any CPU = Release|Any CPU
	EndGlobalSection
	GlobalSection(ProjectConfigurationPlatforms) = postSolution
		{B2590792-620E-1295-D09F-1059B00CCACB}.Debug|Any CPU.ActiveCfg = Debug|Any CPU
		{B2590792-620E-1295-D09F-1059B00CCACB}.Debug|Any CPU.Build.0 = Debug|Any CPU
		{B2590792-620E-1295-D09F-1059B00CCACB}.Release|Any CPU.ActiveCfg = Release|Any CPU
		{B2590792-620E-1295-D09F-1059B00CCACB}.Release|Any CPU.Build.0 = Release|Any CPU
		{7508EA77-EE93-FFD9-A959-1D7E2A4FBF57}.Debug|Any CPU.ActiveCfg = Debug|Any CPU
		{7508EA77-EE93-FFD9-A959-1D7E2A4FBF57}.Debug|Any CPU.Build.0 = Debug|Any CPU
		{7508EA77-EE93-FFD9-A959-1D7E2A4FBF57}.Release|Any CPU.ActiveCfg = Release|Any CPU
		{7508EA77-EE93-FFD9-A959-1D7E2A4FBF57}.Release|Any CPU.Build.0 = Release|Any CPU
		{E586D11E-65B4-C1D6-A7BA-DD49382038D9}.Debug|Any CPU.ActiveCfg = Debug|Any CPU
		{E586D11E-65B4-C1D6-A7BA-DD49382038D9}.Debug|Any CPU.Build.0 = Debug|Any CPU
		{E586D11E-65B4-C1D6-A7BA-DD49382038D9}.Release|Any CPU.ActiveCfg = Release|Any CPU
		{E586D11E-65B4-C1D6-A7BA-DD49382038D9}.Release|Any CPU.Build.0 = Release|Any CPU
	EndGlobalSection
	GlobalSection(SolutionProperties) = preSolution
		HideSolutionNode = FALSE
	EndGlobalSection
	GlobalSection(MonoDevelopProperties) = preSolution
		StartupItem = Assembly-CSharp.csproj
	EndGlobalSection
EndGlobal
