Microsoft Visual Studio Solution File, Format Version 11.00
# Visual Studio 2008

Project("{8121DD7D-0929-083B-F437-1426DF9688D0}") = "Spaced", "Assembly-CSharp.csproj", "{7508EA77-EE93-FFD9-A959-1D7E2A4FBF57}"
EndProject
Global
	GlobalSection(SolutionConfigurationPlatforms) = preSolution
		Debug|Any CPU = Debug|Any CPU
		Release|Any CPU = Release|Any CPU
	EndGlobalSection
	GlobalSection(ProjectConfigurationPlatforms) = postSolution
		{7508EA77-EE93-FFD9-A959-1D7E2A4FBF57}.Debug|Any CPU.ActiveCfg = Debug|Any CPU
		{7508EA77-EE93-FFD9-A959-1D7E2A4FBF57}.Debug|Any CPU.Build.0 = Debug|Any CPU
		{7508EA77-EE93-FFD9-A959-1D7E2A4FBF57}.Release|Any CPU.ActiveCfg = Release|Any CPU
		{7508EA77-EE93-FFD9-A959-1D7E2A4FBF57}.Release|Any CPU.Build.0 = Release|Any CPU
	EndGlobalSection
	GlobalSection(SolutionProperties) = preSolution
		HideSolutionNode = FALSE
	EndGlobalSection
	GlobalSection(MonoDevelopProperties) = preSolution
		StartupItem = Assembly-CSharp.csproj
	EndGlobalSection
EndGlobal
